
Microsoft Visual Studio Solution File, Format Version 12.00
# Visual Studio 15
VisualStudioVersion = 15.0.27004.2009
MinimumVisualStudioVersion = 10.0.40219.1
Project("{888888A0-9F3D-457C-B088-3A5042F75D52}") = "common-lib", "common-lib\common-lib.pyproj", "{7E6AE827-3267-480F-BDBD-5E69423384C1}"
EndProject
Project("{888888A0-9F3D-457C-B088-3A5042F75D52}") = "data-repository", "data-repository\data-repository.pyproj", "{9247CAF8-E0C8-42F9-9DD7-76F17363984A}"
EndProject
Project("{888888A0-9F3D-457C-B088-3A5042F75D52}") = "market-data", "market-data\market-data.pyproj", "{FB8CD957-A018-4A04-905F-D85B39D6308B}"
EndProject
Project("{888888A0-9F3D-457C-B088-3A5042F75D52}") = "analysis", "analysis\analysis.pyproj", "{63B7ACC8-5F2A-4B76-9972-A2902F7CB612}"
EndProject
Global
	GlobalSection(SolutionConfigurationPlatforms) = preSolution
		Debug|Any CPU = Debug|Any CPU
		Release|Any CPU = Release|Any CPU
	EndGlobalSection
	GlobalSection(ProjectConfigurationPlatforms) = postSolution
		{7E6AE827-3267-480F-BDBD-5E69423384C1}.Debug|Any CPU.ActiveCfg = Debug|Any CPU
		{7E6AE827-3267-480F-BDBD-5E69423384C1}.Release|Any CPU.ActiveCfg = Release|Any CPU
		{9247CAF8-E0C8-42F9-9DD7-76F17363984A}.Debug|Any CPU.ActiveCfg = Debug|Any CPU
		{9247CAF8-E0C8-42F9-9DD7-76F17363984A}.Release|Any CPU.ActiveCfg = Release|Any CPU
		{FB8CD957-A018-4A04-905F-D85B39D6308B}.Debug|Any CPU.ActiveCfg = Debug|Any CPU
		{FB8CD957-A018-4A04-905F-D85B39D6308B}.Release|Any CPU.ActiveCfg = Release|Any CPU
		{63B7ACC8-5F2A-4B76-9972-A2902F7CB612}.Debug|Any CPU.ActiveCfg = Debug|Any CPU
		{63B7ACC8-5F2A-4B76-9972-A2902F7CB612}.Release|Any CPU.ActiveCfg = Release|Any CPU
	EndGlobalSection
	GlobalSection(SolutionProperties) = preSolution
		HideSolutionNode = FALSE
	EndGlobalSection
	GlobalSection(ExtensibilityGlobals) = postSolution
		SolutionGuid = {06D6CB88-E6C6-4B44-91E2-12134F1EB8F4}
	EndGlobalSection
EndGlobal
